// !$*UTF8*$!
{
	archiveVersion = 1;
	classes = {
	};
	objectVersion = 55;
	objects = {

/* Begin PBXBuildFile section */
		76759A4B78255D2F1E6F03E4 /* Pods_Listy_List.framework in Frameworks */ = {isa = PBXBuildFile; fileRef = B457D1F954AADBCE5D6F1881 /* Pods_Listy_List.framework */; };
		83064D88289463FF00569583 /* InAppPurchases.swift in Sources */ = {isa = PBXBuildFile; fileRef = 83064D87289463FF00569583 /* InAppPurchases.swift */; };
		83064D8A2894925500569583 /* K.swift in Sources */ = {isa = PBXBuildFile; fileRef = 83064D892894925500569583 /* K.swift */; };
		83859634288DC6BD00EEB90F /* Listy_ListApp.swift in Sources */ = {isa = PBXBuildFile; fileRef = 83859633288DC6BD00EEB90F /* Listy_ListApp.swift */; };
		83859636288DC6BD00EEB90F /* ContentView.swift in Sources */ = {isa = PBXBuildFile; fileRef = 83859635288DC6BD00EEB90F /* ContentView.swift */; };
		83859638288DC6BE00EEB90F /* Assets.xcassets in Resources */ = {isa = PBXBuildFile; fileRef = 83859637288DC6BE00EEB90F /* Assets.xcassets */; };
		8385963B288DC6BE00EEB90F /* Preview Assets.xcassets in Resources */ = {isa = PBXBuildFile; fileRef = 8385963A288DC6BE00EEB90F /* Preview Assets.xcassets */; };
		83859642288DCE0A00EEB90F /* ItemView.swift in Sources */ = {isa = PBXBuildFile; fileRef = 83859641288DCE0A00EEB90F /* ItemView.swift */; };
		83859645288DD5D600EEB90F /* ListyList.xcdatamodeld in Sources */ = {isa = PBXBuildFile; fileRef = 83859643288DD5D600EEB90F /* ListyList.xcdatamodeld */; };
		8385964F288DF70400EEB90F /* Alert.swift in Sources */ = {isa = PBXBuildFile; fileRef = 8385964E288DF70300EEB90F /* Alert.swift */; };
		83859651288E12B100EEB90F /* PersistenceController.swift in Sources */ = {isa = PBXBuildFile; fileRef = 83859650288E12B100EEB90F /* PersistenceController.swift */; };
		83859656288F60FD00EEB90F /* Item+CoreDataClass.swift in Sources */ = {isa = PBXBuildFile; fileRef = 83859652288F60FD00EEB90F /* Item+CoreDataClass.swift */; };
		83859657288F60FD00EEB90F /* Item+CoreDataProperties.swift in Sources */ = {isa = PBXBuildFile; fileRef = 83859653288F60FD00EEB90F /* Item+CoreDataProperties.swift */; };
		83859658288F60FD00EEB90F /* Cateogries+CoreDataClass.swift in Sources */ = {isa = PBXBuildFile; fileRef = 83859654288F60FD00EEB90F /* Cateogries+CoreDataClass.swift */; };
		83859659288F60FD00EEB90F /* Cateogries+CoreDataProperties.swift in Sources */ = {isa = PBXBuildFile; fileRef = 83859655288F60FD00EEB90F /* Cateogries+CoreDataProperties.swift */; };
		83D2D68B2890A6F200A0A41E /* SettingsView.swift in Sources */ = {isa = PBXBuildFile; fileRef = 83D2D68A2890A6F200A0A41E /* SettingsView.swift */; };
/* End PBXBuildFile section */

/* Begin PBXFileReference section */
		3C8BD092403D02B36A98499D /* Pods-Listy List.release.xcconfig */ = {isa = PBXFileReference; includeInIndex = 1; lastKnownFileType = text.xcconfig; name = "Pods-Listy List.release.xcconfig"; path = "Target Support Files/Pods-Listy List/Pods-Listy List.release.xcconfig"; sourceTree = "<group>"; };
		83064D87289463FF00569583 /* InAppPurchases.swift */ = {isa = PBXFileReference; lastKnownFileType = sourcecode.swift; path = InAppPurchases.swift; sourceTree = "<group>"; };
		83064D892894925500569583 /* K.swift */ = {isa = PBXFileReference; lastKnownFileType = sourcecode.swift; path = K.swift; sourceTree = "<group>"; };
		83859630288DC6BD00EEB90F /* Listy List.app */ = {isa = PBXFileReference; explicitFileType = wrapper.application; includeInIndex = 0; path = "Listy List.app"; sourceTree = BUILT_PRODUCTS_DIR; };
		83859633288DC6BD00EEB90F /* Listy_ListApp.swift */ = {isa = PBXFileReference; lastKnownFileType = sourcecode.swift; path = Listy_ListApp.swift; sourceTree = "<group>"; };
		83859635288DC6BD00EEB90F /* ContentView.swift */ = {isa = PBXFileReference; lastKnownFileType = sourcecode.swift; path = ContentView.swift; sourceTree = "<group>"; };
		83859637288DC6BE00EEB90F /* Assets.xcassets */ = {isa = PBXFileReference; lastKnownFileType = folder.assetcatalog; path = Assets.xcassets; sourceTree = "<group>"; };
		8385963A288DC6BE00EEB90F /* Preview Assets.xcassets */ = {isa = PBXFileReference; lastKnownFileType = folder.assetcatalog; path = "Preview Assets.xcassets"; sourceTree = "<group>"; };
		83859641288DCE0A00EEB90F /* ItemView.swift */ = {isa = PBXFileReference; lastKnownFileType = sourcecode.swift; path = ItemView.swift; sourceTree = "<group>"; };
		83859644288DD5D600EEB90F /* ListyList.xcdatamodel */ = {isa = PBXFileReference; lastKnownFileType = wrapper.xcdatamodel; path = ListyList.xcdatamodel; sourceTree = "<group>"; };
		8385964E288DF70300EEB90F /* Alert.swift */ = {isa = PBXFileReference; fileEncoding = 4; lastKnownFileType = sourcecode.swift; path = Alert.swift; sourceTree = "<group>"; };
		83859650288E12B100EEB90F /* PersistenceController.swift */ = {isa = PBXFileReference; lastKnownFileType = sourcecode.swift; path = PersistenceController.swift; sourceTree = "<group>"; };
		83859652288F60FD00EEB90F /* Item+CoreDataClass.swift */ = {isa = PBXFileReference; lastKnownFileType = sourcecode.swift; path = "Item+CoreDataClass.swift"; sourceTree = "<group>"; };
		83859653288F60FD00EEB90F /* Item+CoreDataProperties.swift */ = {isa = PBXFileReference; lastKnownFileType = sourcecode.swift; path = "Item+CoreDataProperties.swift"; sourceTree = "<group>"; };
		83859654288F60FD00EEB90F /* Cateogries+CoreDataClass.swift */ = {isa = PBXFileReference; lastKnownFileType = sourcecode.swift; path = "Cateogries+CoreDataClass.swift"; sourceTree = "<group>"; };
		83859655288F60FD00EEB90F /* Cateogries+CoreDataProperties.swift */ = {isa = PBXFileReference; lastKnownFileType = sourcecode.swift; path = "Cateogries+CoreDataProperties.swift"; sourceTree = "<group>"; };
		83D2D68A2890A6F200A0A41E /* SettingsView.swift */ = {isa = PBXFileReference; lastKnownFileType = sourcecode.swift; path = SettingsView.swift; sourceTree = "<group>"; };
		B457D1F954AADBCE5D6F1881 /* Pods_Listy_List.framework */ = {isa = PBXFileReference; explicitFileType = wrapper.framework; includeInIndex = 0; path = Pods_Listy_List.framework; sourceTree = BUILT_PRODUCTS_DIR; };
		DF7C074C1317409AF9C69D34 /* Pods-Listy List.debug.xcconfig */ = {isa = PBXFileReference; includeInIndex = 1; lastKnownFileType = text.xcconfig; name = "Pods-Listy List.debug.xcconfig"; path = "Target Support Files/Pods-Listy List/Pods-Listy List.debug.xcconfig"; sourceTree = "<group>"; };
/* End PBXFileReference section */

/* Begin PBXFrameworksBuildPhase section */
		8385962D288DC6BD00EEB90F /* Frameworks */ = {
			isa = PBXFrameworksBuildPhase;
			buildActionMask = 2147483647;
			files = (
				76759A4B78255D2F1E6F03E4 /* Pods_Listy_List.framework in Frameworks */,
			);
			runOnlyForDeploymentPostprocessing = 0;
		};
/* End PBXFrameworksBuildPhase section */

/* Begin PBXGroup section */
		83859627288DC6BD00EEB90F = {
			isa = PBXGroup;
			children = (
				83859632288DC6BD00EEB90F /* Listy List */,
				83859631288DC6BD00EEB90F /* Products */,
				C7E7EABCEFF0D29C482B18E1 /* Pods */,
				892990B316F74BA23C8B8699 /* Frameworks */,
			);
			sourceTree = "<group>";
		};
		83859631288DC6BD00EEB90F /* Products */ = {
			isa = PBXGroup;
			children = (
				83859630288DC6BD00EEB90F /* Listy List.app */,
			);
			name = Products;
			sourceTree = "<group>";
		};
		83859632288DC6BD00EEB90F /* Listy List */ = {
			isa = PBXGroup;
			children = (
				83859633288DC6BD00EEB90F /* Listy_ListApp.swift */,
				839910012894C14400335067 /* Model */,
				839910022894C15100335067 /* Views */,
				839910032894C16900335067 /* ViewModels */,
				839910042894C39A00335067 /* Utils */,
				83859637288DC6BE00EEB90F /* Assets.xcassets */,
				83859639288DC6BE00EEB90F /* Preview Content */,
			);
			path = "Listy List";
			sourceTree = "<group>";
		};
		83859639288DC6BE00EEB90F /* Preview Content */ = {
			isa = PBXGroup;
			children = (
				8385963A288DC6BE00EEB90F /* Preview Assets.xcassets */,
			);
			path = "Preview Content";
			sourceTree = "<group>";
		};
		839910012894C14400335067 /* Model */ = {
			isa = PBXGroup;
			children = (
				83859652288F60FD00EEB90F /* Item+CoreDataClass.swift */,
				83859653288F60FD00EEB90F /* Item+CoreDataProperties.swift */,
				83859654288F60FD00EEB90F /* Cateogries+CoreDataClass.swift */,
				83859655288F60FD00EEB90F /* Cateogries+CoreDataProperties.swift */,
				83859643288DD5D600EEB90F /* ListyList.xcdatamodeld */,
			);
			path = Model;
			sourceTree = "<group>";
		};
		839910022894C15100335067 /* Views */ = {
			isa = PBXGroup;
			children = (
				83859635288DC6BD00EEB90F /* ContentView.swift */,
				83859641288DCE0A00EEB90F /* ItemView.swift */,
				83D2D68A2890A6F200A0A41E /* SettingsView.swift */,
			);
			path = Views;
			sourceTree = "<group>";
		};
		839910032894C16900335067 /* ViewModels */ = {
			isa = PBXGroup;
			children = (
				83859650288E12B100EEB90F /* PersistenceController.swift */,
				83064D87289463FF00569583 /* InAppPurchases.swift */,
			);
			path = ViewModels;
			sourceTree = "<group>";
		};
		839910042894C39A00335067 /* Utils */ = {
			isa = PBXGroup;
			children = (
				83064D892894925500569583 /* K.swift */,
				8385964E288DF70300EEB90F /* Alert.swift */,
			);
			path = Utils;
			sourceTree = "<group>";
		};
		892990B316F74BA23C8B8699 /* Frameworks */ = {
			isa = PBXGroup;
			children = (
				B457D1F954AADBCE5D6F1881 /* Pods_Listy_List.framework */,
			);
			name = Frameworks;
			sourceTree = "<group>";
		};
		C7E7EABCEFF0D29C482B18E1 /* Pods */ = {
			isa = PBXGroup;
			children = (
				DF7C074C1317409AF9C69D34 /* Pods-Listy List.debug.xcconfig */,
				3C8BD092403D02B36A98499D /* Pods-Listy List.release.xcconfig */,
			);
			path = Pods;
			sourceTree = "<group>";
		};
/* End PBXGroup section */

/* Begin PBXNativeTarget section */
		8385962F288DC6BD00EEB90F /* Listy List */ = {
			isa = PBXNativeTarget;
			buildConfigurationList = 8385963E288DC6BE00EEB90F /* Build configuration list for PBXNativeTarget "Listy List" */;
			buildPhases = (
				A8669F122510C8198234137A /* [CP] Check Pods Manifest.lock */,
				8385962C288DC6BD00EEB90F /* Sources */,
				8385962D288DC6BD00EEB90F /* Frameworks */,
				8385962E288DC6BD00EEB90F /* Resources */,
				B55AC6EDD602BDBA1DCA5468 /* [CP] Embed Pods Frameworks */,
			);
			buildRules = (
			);
			dependencies = (
			);
			name = "Listy List";
			productName = "Listy List";
			productReference = 83859630288DC6BD00EEB90F /* Listy List.app */;
			productType = "com.apple.product-type.application";
		};
/* End PBXNativeTarget section */

/* Begin PBXProject section */
		83859628288DC6BD00EEB90F /* Project object */ = {
			isa = PBXProject;
			attributes = {
				BuildIndependentTargetsInParallel = 1;
				LastSwiftUpdateCheck = 1340;
				LastUpgradeCheck = 1340;
				TargetAttributes = {
					8385962F288DC6BD00EEB90F = {
						CreatedOnToolsVersion = 13.4.1;
					};
				};
			};
			buildConfigurationList = 8385962B288DC6BD00EEB90F /* Build configuration list for PBXProject "Listy List" */;
			compatibilityVersion = "Xcode 13.0";
			developmentRegion = en;
			hasScannedForEncodings = 0;
			knownRegions = (
				en,
				Base,
			);
			mainGroup = 83859627288DC6BD00EEB90F;
			productRefGroup = 83859631288DC6BD00EEB90F /* Products */;
			projectDirPath = "";
			projectRoot = "";
			targets = (
				8385962F288DC6BD00EEB90F /* Listy List */,
			);
		};
/* End PBXProject section */

/* Begin PBXResourcesBuildPhase section */
		8385962E288DC6BD00EEB90F /* Resources */ = {
			isa = PBXResourcesBuildPhase;
			buildActionMask = 2147483647;
			files = (
				8385963B288DC6BE00EEB90F /* Preview Assets.xcassets in Resources */,
				83859638288DC6BE00EEB90F /* Assets.xcassets in Resources */,
			);
			runOnlyForDeploymentPostprocessing = 0;
		};
/* End PBXResourcesBuildPhase section */

/* Begin PBXShellScriptBuildPhase section */
		A8669F122510C8198234137A /* [CP] Check Pods Manifest.lock */ = {
			isa = PBXShellScriptBuildPhase;
			buildActionMask = 2147483647;
			files = (
			);
			inputFileListPaths = (
			);
			inputPaths = (
				"${PODS_PODFILE_DIR_PATH}/Podfile.lock",
				"${PODS_ROOT}/Manifest.lock",
			);
			name = "[CP] Check Pods Manifest.lock";
			outputFileListPaths = (
			);
			outputPaths = (
				"$(DERIVED_FILE_DIR)/Pods-Listy List-checkManifestLockResult.txt",
			);
			runOnlyForDeploymentPostprocessing = 0;
			shellPath = /bin/sh;
			shellScript = "diff \"${PODS_PODFILE_DIR_PATH}/Podfile.lock\" \"${PODS_ROOT}/Manifest.lock\" > /dev/null\nif [ $? != 0 ] ; then\n    # print error to STDERR\n    echo \"error: The sandbox is not in sync with the Podfile.lock. Run 'pod install' or update your CocoaPods installation.\" >&2\n    exit 1\nfi\n# This output is used by Xcode 'outputs' to avoid re-running this script phase.\necho \"SUCCESS\" > \"${SCRIPT_OUTPUT_FILE_0}\"\n";
			showEnvVarsInLog = 0;
		};
		B55AC6EDD602BDBA1DCA5468 /* [CP] Embed Pods Frameworks */ = {
			isa = PBXShellScriptBuildPhase;
			buildActionMask = 2147483647;
			files = (
			);
			inputFileListPaths = (
				"${PODS_ROOT}/Target Support Files/Pods-Listy List/Pods-Listy List-frameworks-${CONFIGURATION}-input-files.xcfilelist",
			);
			name = "[CP] Embed Pods Frameworks";
			outputFileListPaths = (
				"${PODS_ROOT}/Target Support Files/Pods-Listy List/Pods-Listy List-frameworks-${CONFIGURATION}-output-files.xcfilelist",
			);
			runOnlyForDeploymentPostprocessing = 0;
			shellPath = /bin/sh;
			shellScript = "\"${PODS_ROOT}/Target Support Files/Pods-Listy List/Pods-Listy List-frameworks.sh\"\n";
			showEnvVarsInLog = 0;
		};
/* End PBXShellScriptBuildPhase section */

/* Begin PBXSourcesBuildPhase section */
		8385962C288DC6BD00EEB90F /* Sources */ = {
			isa = PBXSourcesBuildPhase;
			buildActionMask = 2147483647;
			files = (
				8385964F288DF70400EEB90F /* Alert.swift in Sources */,
				83064D88289463FF00569583 /* InAppPurchases.swift in Sources */,
				83859636288DC6BD00EEB90F /* ContentView.swift in Sources */,
				83859657288F60FD00EEB90F /* Item+CoreDataProperties.swift in Sources */,
				83859642288DCE0A00EEB90F /* ItemView.swift in Sources */,
				83859634288DC6BD00EEB90F /* Listy_ListApp.swift in Sources */,
				83859645288DD5D600EEB90F /* ListyList.xcdatamodeld in Sources */,
				83064D8A2894925500569583 /* K.swift in Sources */,
				83859651288E12B100EEB90F /* PersistenceController.swift in Sources */,
				83859659288F60FD00EEB90F /* Cateogries+CoreDataProperties.swift in Sources */,
				83859658288F60FD00EEB90F /* Cateogries+CoreDataClass.swift in Sources */,
				83859656288F60FD00EEB90F /* Item+CoreDataClass.swift in Sources */,
				83D2D68B2890A6F200A0A41E /* SettingsView.swift in Sources */,
			);
			runOnlyForDeploymentPostprocessing = 0;
		};
/* End PBXSourcesBuildPhase section */

/* Begin XCBuildConfiguration section */
		8385963C288DC6BE00EEB90F /* Debug */ = {
			isa = XCBuildConfiguration;
			buildSettings = {
				ALWAYS_SEARCH_USER_PATHS = NO;
				CLANG_ANALYZER_NONNULL = YES;
				CLANG_ANALYZER_NUMBER_OBJECT_CONVERSION = YES_AGGRESSIVE;
				CLANG_CXX_LANGUAGE_STANDARD = "gnu++17";
				CLANG_ENABLE_MODULES = YES;
				CLANG_ENABLE_OBJC_ARC = YES;
				CLANG_ENABLE_OBJC_WEAK = YES;
				CLANG_WARN_BLOCK_CAPTURE_AUTORELEASING = YES;
				CLANG_WARN_BOOL_CONVERSION = YES;
				CLANG_WARN_COMMA = YES;
				CLANG_WARN_CONSTANT_CONVERSION = YES;
				CLANG_WARN_DEPRECATED_OBJC_IMPLEMENTATIONS = YES;
				CLANG_WARN_DIRECT_OBJC_ISA_USAGE = YES_ERROR;
				CLANG_WARN_DOCUMENTATION_COMMENTS = YES;
				CLANG_WARN_EMPTY_BODY = YES;
				CLANG_WARN_ENUM_CONVERSION = YES;
				CLANG_WARN_INFINITE_RECURSION = YES;
				CLANG_WARN_INT_CONVERSION = YES;
				CLANG_WARN_NON_LITERAL_NULL_CONVERSION = YES;
				CLANG_WARN_OBJC_IMPLICIT_RETAIN_SELF = YES;
				CLANG_WARN_OBJC_LITERAL_CONVERSION = YES;
				CLANG_WARN_OBJC_ROOT_CLASS = YES_ERROR;
				CLANG_WARN_QUOTED_INCLUDE_IN_FRAMEWORK_HEADER = YES;
				CLANG_WARN_RANGE_LOOP_ANALYSIS = YES;
				CLANG_WARN_STRICT_PROTOTYPES = YES;
				CLANG_WARN_SUSPICIOUS_MOVE = YES;
				CLANG_WARN_UNGUARDED_AVAILABILITY = YES_AGGRESSIVE;
				CLANG_WARN_UNREACHABLE_CODE = YES;
				CLANG_WARN__DUPLICATE_METHOD_MATCH = YES;
				COPY_PHASE_STRIP = NO;
				DEBUG_INFORMATION_FORMAT = dwarf;
				ENABLE_STRICT_OBJC_MSGSEND = YES;
				ENABLE_TESTABILITY = YES;
				GCC_C_LANGUAGE_STANDARD = gnu11;
				GCC_DYNAMIC_NO_PIC = NO;
				GCC_NO_COMMON_BLOCKS = YES;
				GCC_OPTIMIZATION_LEVEL = 0;
				GCC_PREPROCESSOR_DEFINITIONS = (
					"DEBUG=1",
					"$(inherited)",
				);
				GCC_WARN_64_TO_32_BIT_CONVERSION = YES;
				GCC_WARN_ABOUT_RETURN_TYPE = YES_ERROR;
				GCC_WARN_UNDECLARED_SELECTOR = YES;
				GCC_WARN_UNINITIALIZED_AUTOS = YES_AGGRESSIVE;
				GCC_WARN_UNUSED_FUNCTION = YES;
				GCC_WARN_UNUSED_VARIABLE = YES;
				IPHONEOS_DEPLOYMENT_TARGET = 15.5;
				MTL_ENABLE_DEBUG_INFO = INCLUDE_SOURCE;
				MTL_FAST_MATH = YES;
				ONLY_ACTIVE_ARCH = YES;
				SDKROOT = iphoneos;
				SWIFT_ACTIVE_COMPILATION_CONDITIONS = DEBUG;
				SWIFT_OPTIMIZATION_LEVEL = "-Onone";
			};
			name = Debug;
		};
		8385963D288DC6BE00EEB90F /* Release */ = {
			isa = XCBuildConfiguration;
			buildSettings = {
				ALWAYS_SEARCH_USER_PATHS = NO;
				CLANG_ANALYZER_NONNULL = YES;
				CLANG_ANALYZER_NUMBER_OBJECT_CONVERSION = YES_AGGRESSIVE;
				CLANG_CXX_LANGUAGE_STANDARD = "gnu++17";
				CLANG_ENABLE_MODULES = YES;
				CLANG_ENABLE_OBJC_ARC = YES;
				CLANG_ENABLE_OBJC_WEAK = YES;
				CLANG_WARN_BLOCK_CAPTURE_AUTORELEASING = YES;
				CLANG_WARN_BOOL_CONVERSION = YES;
				CLANG_WARN_COMMA = YES;
				CLANG_WARN_CONSTANT_CONVERSION = YES;
				CLANG_WARN_DEPRECATED_OBJC_IMPLEMENTATIONS = YES;
				CLANG_WARN_DIRECT_OBJC_ISA_USAGE = YES_ERROR;
				CLANG_WARN_DOCUMENTATION_COMMENTS = YES;
				CLANG_WARN_EMPTY_BODY = YES;
				CLANG_WARN_ENUM_CONVERSION = YES;
				CLANG_WARN_INFINITE_RECURSION = YES;
				CLANG_WARN_INT_CONVERSION = YES;
				CLANG_WARN_NON_LITERAL_NULL_CONVERSION = YES;
				CLANG_WARN_OBJC_IMPLICIT_RETAIN_SELF = YES;
				CLANG_WARN_OBJC_LITERAL_CONVERSION = YES;
				CLANG_WARN_OBJC_ROOT_CLASS = YES_ERROR;
				CLANG_WARN_QUOTED_INCLUDE_IN_FRAMEWORK_HEADER = YES;
				CLANG_WARN_RANGE_LOOP_ANALYSIS = YES;
				CLANG_WARN_STRICT_PROTOTYPES = YES;
				CLANG_WARN_SUSPICIOUS_MOVE = YES;
				CLANG_WARN_UNGUARDED_AVAILABILITY = YES_AGGRESSIVE;
				CLANG_WARN_UNREACHABLE_CODE = YES;
				CLANG_WARN__DUPLICATE_METHOD_MATCH = YES;
				COPY_PHASE_STRIP = NO;
				DEBUG_INFORMATION_FORMAT = "dwarf-with-dsym";
				ENABLE_NS_ASSERTIONS = NO;
				ENABLE_STRICT_OBJC_MSGSEND = YES;
				GCC_C_LANGUAGE_STANDARD = gnu11;
				GCC_NO_COMMON_BLOCKS = YES;
				GCC_WARN_64_TO_32_BIT_CONVERSION = YES;
				GCC_WARN_ABOUT_RETURN_TYPE = YES_ERROR;
				GCC_WARN_UNDECLARED_SELECTOR = YES;
				GCC_WARN_UNINITIALIZED_AUTOS = YES_AGGRESSIVE;
				GCC_WARN_UNUSED_FUNCTION = YES;
				GCC_WARN_UNUSED_VARIABLE = YES;
				IPHONEOS_DEPLOYMENT_TARGET = 15.5;
				MTL_ENABLE_DEBUG_INFO = NO;
				MTL_FAST_MATH = YES;
				SDKROOT = iphoneos;
				SWIFT_COMPILATION_MODE = wholemodule;
				SWIFT_OPTIMIZATION_LEVEL = "-O";
				VALIDATE_PRODUCT = YES;
			};
			name = Release;
		};
		8385963F288DC6BE00EEB90F /* Debug */ = {
			isa = XCBuildConfiguration;
			baseConfigurationReference = DF7C074C1317409AF9C69D34 /* Pods-Listy List.debug.xcconfig */;
			buildSettings = {
				ASSETCATALOG_COMPILER_APPICON_NAME = AppIcon;
				ASSETCATALOG_COMPILER_GLOBAL_ACCENT_COLOR_NAME = AccentColor;
				CODE_SIGN_STYLE = Automatic;
				CURRENT_PROJECT_VERSION = 1;
				DEVELOPMENT_ASSET_PATHS = "\"Listy List/Preview Content\"";
				DEVELOPMENT_TEAM = QNXV57SQKM;
				ENABLE_PREVIEWS = YES;
				GENERATE_INFOPLIST_FILE = YES;
				INFOPLIST_KEY_UIApplicationSceneManifest_Generation = YES;
				INFOPLIST_KEY_UIApplicationSupportsIndirectInputEvents = YES;
				INFOPLIST_KEY_UILaunchScreen_Generation = YES;
				INFOPLIST_KEY_UISupportedInterfaceOrientations_iPad = "UIInterfaceOrientationPortrait UIInterfaceOrientationPortraitUpsideDown UIInterfaceOrientationLandscapeLeft UIInterfaceOrientationLandscapeRight";
				INFOPLIST_KEY_UISupportedInterfaceOrientations_iPhone = "UIInterfaceOrientationPortrait UIInterfaceOrientationPortrait";
				LD_RUNPATH_SEARCH_PATHS = (
					"$(inherited)",
					"@executable_path/Frameworks",
				);
				MARKETING_VERSION = 1.0;
				PRODUCT_BUNDLE_IDENTIFIER = "com.sannideveloper.Listy-List";
				PRODUCT_NAME = "$(TARGET_NAME)";
				SWIFT_EMIT_LOC_STRINGS = YES;
				SWIFT_VERSION = 5.0;
				TARGETED_DEVICE_FAMILY = "1,2";
			};
			name = Debug;
		};
		83859640288DC6BE00EEB90F /* Release */ = {
			isa = XCBuildConfiguration;
			baseConfigurationReference = 3C8BD092403D02B36A98499D /* Pods-Listy List.release.xcconfig */;
			buildSettings = {
				ASSETCATALOG_COMPILER_APPICON_NAME = AppIcon;
				ASSETCATALOG_COMPILER_GLOBAL_ACCENT_COLOR_NAME = AccentColor;
				CODE_SIGN_STYLE = Automatic;
				CURRENT_PROJECT_VERSION = 1;
				DEVELOPMENT_ASSET_PATHS = "\"Listy List/Preview Content\"";
				DEVELOPMENT_TEAM = QNXV57SQKM;
				ENABLE_PREVIEWS = YES;
				GENERATE_INFOPLIST_FILE = YES;
				INFOPLIST_KEY_UIApplicationSceneManifest_Generation = YES;
				INFOPLIST_KEY_UIApplicationSupportsIndirectInputEvents = YES;
				INFOPLIST_KEY_UILaunchScreen_Generation = YES;
				INFOPLIST_KEY_UISupportedInterfaceOrientations_iPad = "UIInterfaceOrientationPortrait UIInterfaceOrientationPortraitUpsideDown UIInterfaceOrientationLandscapeLeft UIInterfaceOrientationLandscapeRight";
				INFOPLIST_KEY_UISupportedInterfaceOrientations_iPhone = "UIInterfaceOrientationPortrait UIInterfaceOrientationPortrait";
				LD_RUNPATH_SEARCH_PATHS = (
					"$(inherited)",
					"@executable_path/Frameworks",
				);
				MARKETING_VERSION = 1.0;
				PRODUCT_BUNDLE_IDENTIFIER = "com.sannideveloper.Listy-List";
				PRODUCT_NAME = "$(TARGET_NAME)";
				SWIFT_EMIT_LOC_STRINGS = YES;
				SWIFT_VERSION = 5.0;
				TARGETED_DEVICE_FAMILY = "1,2";
			};
			name = Release;
		};
/* End XCBuildConfiguration section */

/* Begin XCConfigurationList section */
		8385962B288DC6BD00EEB90F /* Build configuration list for PBXProject "Listy List" */ = {
			isa = XCConfigurationList;
			buildConfigurations = (
				8385963C288DC6BE00EEB90F /* Debug */,
				8385963D288DC6BE00EEB90F /* Release */,
			);
			defaultConfigurationIsVisible = 0;
			defaultConfigurationName = Release;
		};
		8385963E288DC6BE00EEB90F /* Build configuration list for PBXNativeTarget "Listy List" */ = {
			isa = XCConfigurationList;
			buildConfigurations = (
				8385963F288DC6BE00EEB90F /* Debug */,
				83859640288DC6BE00EEB90F /* Release */,
			);
			defaultConfigurationIsVisible = 0;
			defaultConfigurationName = Release;
		};
/* End XCConfigurationList section */

/* Begin XCVersionGroup section */
		83859643288DD5D600EEB90F /* ListyList.xcdatamodeld */ = {
			isa = XCVersionGroup;
			children = (
				83859644288DD5D600EEB90F /* ListyList.xcdatamodel */,
			);
			currentVersion = 83859644288DD5D600EEB90F /* ListyList.xcdatamodel */;
			path = ListyList.xcdatamodeld;
			sourceTree = "<group>";
			versionGroupType = wrapper.xcdatamodel;
		};
/* End XCVersionGroup section */
	};
	rootObject = 83859628288DC6BD00EEB90F /* Project object */;
}
